
Microsoft Visual Studio Solution File, Format Version 12.00
# Visual Studio 14
VisualStudioVersion = 14.0.25420.1
MinimumVisualStudioVersion = 10.0.40219.1
Project("{FAE04EC0-301F-11D3-BF4B-00C04F79EFBC}") = "LatestPrismApplicationRahul", "LatestPrismApplicationRahul\LatestPrismApplicationRahul.csproj", "{DB2A0FAE-1F6B-4C64-A355-1758E743DA01}"
EndProject
Project("{FAE04EC0-301F-11D3-BF4B-00C04F79EFBC}") = "FirstModule", "FirstModule\FirstModule.csproj", "{096305DF-EBB7-488E-B2E3-7965E8A88129}"
EndProject
Global
	GlobalSection(SolutionConfigurationPlatforms) = preSolution
		Debug|Any CPU = Debug|Any CPU
		Release|Any CPU = Release|Any CPU
	EndGlobalSection
	GlobalSection(ProjectConfigurationPlatforms) = postSolution
		{DB2A0FAE-1F6B-4C64-A355-1758E743DA01}.Debug|Any CPU.ActiveCfg = Debug|Any CPU
		{DB2A0FAE-1F6B-4C64-A355-1758E743DA01}.Debug|Any CPU.Build.0 = Debug|Any CPU
		{DB2A0FAE-1F6B-4C64-A355-1758E743DA01}.Release|Any CPU.ActiveCfg = Release|Any CPU
		{DB2A0FAE-1F6B-4C64-A355-1758E743DA01}.Release|Any CPU.Build.0 = Release|Any CPU
		{096305DF-EBB7-488E-B2E3-7965E8A88129}.Debug|Any CPU.ActiveCfg = Debug|Any CPU
		{096305DF-EBB7-488E-B2E3-7965E8A88129}.Debug|Any CPU.Build.0 = Debug|Any CPU
		{096305DF-EBB7-488E-B2E3-7965E8A88129}.Release|Any CPU.ActiveCfg = Release|Any CPU
		{096305DF-EBB7-488E-B2E3-7965E8A88129}.Release|Any CPU.Build.0 = Release|Any CPU
	EndGlobalSection
	GlobalSection(SolutionProperties) = preSolution
		HideSolutionNode = FALSE
	EndGlobalSection
EndGlobal
